<?xml version="1.0" encoding="utf-8"?>
<Project ToolsVersion="4.0" xmlns="http://schemas.microsoft.com/developer/msbuild/2003">
  <ItemGroup>
    <Filter Include="Source Files">
      <UniqueIdentifier>{4FC737F1-C7A5-4376-A066-2A32D752A2FF}</UniqueIdentifier>
      <Extensions>cpp;c;cc;cxx;c++;cppm;ixx;def;odl;idl;hpj;bat;asm;asmx</Extensions>
    </Filter>
    <Filter Include="Header Files">
      <UniqueIdentifier>{93995380-89BD-4b04-88EB-625FBE52EBFB}</UniqueIdentifier>
      <Extensions>h;hh;hpp;hxx;h++;hm;inl;inc;ipp;xsd</Extensions>
    </Filter>
    <Filter Include="Resource Files">
      <UniqueIdentifier>{67DA6AB6-F800-4c08-8B7A-83BB121AAD01}</UniqueIdentifier>
      <Extensions>rc;ico;cur;bmp;dlg;rc2;rct;bin;rgs;gif;jpg;jpeg;jpe;resx;tiff;tif;png;wav;mfcribbon-ms</Extensions>
    </Filter>
    <Filter Include="Source Files\Character">
      <UniqueIdentifier>{24d49e5f-0e38-4acf-9f39-2a71a5337160}</UniqueIdentifier>
    </Filter>
    <Filter Include="Header Files\Character">
      <UniqueIdentifier>{6e40ce5c-3946-4ca1-878a-60551a2529f4}</UniqueIdentifier>
    </Filter>
  </ItemGroup>
  <ItemGroup>
    <ClCompile Include="Main.cpp">
      <Filter>Source Files</Filter>
    </ClCompile>
    <ClCompile Include="Animation.cpp">
      <Filter>Source Files</Filter>
    </ClCompile>
    <ClCompile Include="Application.cpp">
      <Filter>Source Files</Filter>
    </ClCompile>
    <ClCompile Include="Wall.cpp">
      <Filter>Source Files</Filter>
    </ClCompile>
    <ClCompile Include="Point2D.cpp">
      <Filter>Source Files</Filter>
    </ClCompile>
    <ClCompile Include="Unity.cpp">
      <Filter>Source Files</Filter>
    </ClCompile>
    <ClCompile Include="Hitbox.cpp">
      <Filter>Source Files</Filter>
    </ClCompile>
    <ClCompile Include="ResourceManager.cpp">
      <Filter>Source Files</Filter>
    </ClCompile>
    <ClCompile Include="Player.cpp">
      <Filter>Source Files\Character</Filter>
    </ClCompile>
    <ClCompile Include="PSAttack.cpp">
      <Filter>Source Files\Character</Filter>
    </ClCompile>
    <ClCompile Include="PSDeath.cpp">
      <Filter>Source Files\Character</Filter>
    </ClCompile>
    <ClCompile Include="PSFall.cpp">
      <Filter>Source Files\Character</Filter>
    </ClCompile>
    <ClCompile Include="PSJump.cpp">
      <Filter>Source Files\Character</Filter>
    </ClCompile>
    <ClCompile Include="PSRun.cpp">
      <Filter>Source Files\Character</Filter>
    </ClCompile>
    <ClCompile Include="GameStateBase.cpp">
      <Filter>Source Files</Filter>
    </ClCompile>
    <ClCompile Include="GameStateMachine.cpp">
      <Filter>Source Files</Filter>
    </ClCompile>
    <ClCompile Include="Animation2.cpp">
      <Filter>Source Files</Filter>
    </ClCompile>
    <ClCompile Include="WindowConnector.cpp">
      <Filter>Source Files</Filter>
    </ClCompile>
    <ClCompile Include="GameButton.cpp">
      <Filter>Source Files</Filter>
    </ClCompile>
  </ItemGroup>
  <ItemGroup>
    <ClInclude Include="Animation.h">
      <Filter>Header Files</Filter>
    </ClInclude>
    <ClInclude Include="Application.h">
      <Filter>Header Files</Filter>
    </ClInclude>
    <ClInclude Include="Wall.h">
      <Filter>Header Files</Filter>
    </ClInclude>
    <ClInclude Include="Unity.h">
      <Filter>Header Files</Filter>
    </ClInclude>
    <ClInclude Include="Point2D.h">
      <Filter>Header Files</Filter>
    </ClInclude>
    <ClInclude Include="Hitbox.h">
      <Filter>Header Files</Filter>
    </ClInclude>
    <ClInclude Include="ResourceManager.h">
      <Filter>Header Files</Filter>
    </ClInclude>
    <ClInclude Include="PSAttack.h">
      <Filter>Header Files\Character</Filter>
    </ClInclude>
    <ClInclude Include="PSJump.h">
      <Filter>Header Files\Character</Filter>
    </ClInclude>
    <ClInclude Include="PSRun.h">
      <Filter>Header Files\Character</Filter>
    </ClInclude>
    <ClInclude Include="PSDeath.h">
      <Filter>Header Files\Character</Filter>
    </ClInclude>
    <ClInclude Include="PSFall.h">
      <Filter>Header Files\Character</Filter>
    </ClInclude>
    <ClInclude Include="IPState.h">
      <Filter>Header Files\Character</Filter>
    </ClInclude>
    <ClInclude Include="Player.h">
      <Filter>Header Files\Character</Filter>
    </ClInclude>
    <ClInclude Include="IPlayer.h">
      <Filter>Header Files\Character</Filter>
    </ClInclude>
    <ClInclude Include="GameStateBase.h">
      <Filter>Header Files</Filter>
    </ClInclude>
    <ClInclude Include="GameStateMachine.h">
      <Filter>Header Files</Filter>
    </ClInclude>
    <ClInclude Include="Singleton.h">
      <Filter>Header Files</Filter>
    </ClInclude>
    <ClInclude Include="Animation2.h">
      <Filter>Header Files</Filter>
    </ClInclude>
    <ClInclude Include="WindowConnector.h">
      <Filter>Header Files</Filter>
    </ClInclude>
    <ClInclude Include="GameButton.h">
      <Filter>Header Files</Filter>
    </ClInclude>
  </ItemGroup>
</Project>